
Microsoft Visual Studio Solution File, Format Version 12.00
# Visual Studio Version 17
VisualStudioVersion = 17.0.32112.339
MinimumVisualStudioVersion = 10.0.40219.1
Project("{FAE04EC0-301F-11D3-BF4B-00C04F79EFBC}") = "lr26", "lr26\lr26.csproj", "{FFE56303-B9C8-4335-A3F7-88EE5AB84473}"
EndProject
Global
	GlobalSection(SolutionConfigurationPlatforms) = preSolution
		Debug|Any CPU = Debug|Any CPU
		Release|Any CPU = Release|Any CPU
	EndGlobalSection
	GlobalSection(ProjectConfigurationPlatforms) = postSolution
		{FFE56303-B9C8-4335-A3F7-88EE5AB84473}.Debug|Any CPU.ActiveCfg = Debug|Any CPU
		{FFE56303-B9C8-4335-A3F7-88EE5AB84473}.Debug|Any CPU.Build.0 = Debug|Any CPU
		{FFE56303-B9C8-4335-A3F7-88EE5AB84473}.Release|Any CPU.ActiveCfg = Release|Any CPU
		{FFE56303-B9C8-4335-A3F7-88EE5AB84473}.Release|Any CPU.Build.0 = Release|Any CPU
	EndGlobalSection
	GlobalSection(SolutionProperties) = preSolution
		HideSolutionNode = FALSE
	EndGlobalSection
	GlobalSection(ExtensibilityGlobals) = postSolution
		SolutionGuid = {41153C33-A5CD-4D31-A4A0-60BFBE29062A}
	EndGlobalSection
EndGlobal
